
Microsoft Visual Studio Solution File, Format Version 12.00
# Visual Studio Version 16
VisualStudioVersion = 16.0.30517.126
MinimumVisualStudioVersion = 10.0.40219.1
Project("{FAE04EC0-301F-11D3-BF4B-00C04F79EFBC}") = "ManTools2020", "ManTools2020.csproj", "{1814C9B5-9074-48AB-935C-8F7F1C92D6C8}"
EndProject
Global
	GlobalSection(SolutionConfigurationPlatforms) = preSolution
		Debug|Any CPU = Debug|Any CPU
		Release|Any CPU = Release|Any CPU
	EndGlobalSection
	GlobalSection(ProjectConfigurationPlatforms) = postSolution
		{1814C9B5-9074-48AB-935C-8F7F1C92D6C8}.Debug|Any CPU.ActiveCfg = Debug|Any CPU
		{1814C9B5-9074-48AB-935C-8F7F1C92D6C8}.Debug|Any CPU.Build.0 = Debug|Any CPU
		{1814C9B5-9074-48AB-935C-8F7F1C92D6C8}.Release|Any CPU.ActiveCfg = Release|Any CPU
		{1814C9B5-9074-48AB-935C-8F7F1C92D6C8}.Release|Any CPU.Build.0 = Release|Any CPU
	EndGlobalSection
	GlobalSection(SolutionProperties) = preSolution
		HideSolutionNode = FALSE
	EndGlobalSection
	GlobalSection(ExtensibilityGlobals) = postSolution
		SolutionGuid = {4C1EE53D-797A-400B-8160-D701999E479E}
	EndGlobalSection
EndGlobal
